
Microsoft Visual Studio Solution File, Format Version 12.00
# Visual Studio 15
VisualStudioVersion = 15.0.27428.2015
MinimumVisualStudioVersion = 10.0.40219.1
Project("{FAE04EC0-301F-11D3-BF4B-00C04F79EFBC}") = "palindrome", "palindrome\palindrome.csproj", "{9341EE68-691E-462E-92B3-012FBA4143DF}"
EndProject
Global
	GlobalSection(SolutionConfigurationPlatforms) = preSolution
		Debug|Any CPU = Debug|Any CPU
		Release|Any CPU = Release|Any CPU
	EndGlobalSection
	GlobalSection(ProjectConfigurationPlatforms) = postSolution
		{9341EE68-691E-462E-92B3-012FBA4143DF}.Debug|Any CPU.ActiveCfg = Debug|Any CPU
		{9341EE68-691E-462E-92B3-012FBA4143DF}.Debug|Any CPU.Build.0 = Debug|Any CPU
		{9341EE68-691E-462E-92B3-012FBA4143DF}.Release|Any CPU.ActiveCfg = Release|Any CPU
		{9341EE68-691E-462E-92B3-012FBA4143DF}.Release|Any CPU.Build.0 = Release|Any CPU
	EndGlobalSection
	GlobalSection(SolutionProperties) = preSolution
		HideSolutionNode = FALSE
	EndGlobalSection
	GlobalSection(ExtensibilityGlobals) = postSolution
		SolutionGuid = {147EAB58-208C-406B-B737-419B475CA454}
	EndGlobalSection
EndGlobal
