
Microsoft Visual Studio Solution File, Format Version 12.00
# Visual Studio 15
VisualStudioVersion = 15.0.27428.2015
MinimumVisualStudioVersion = 10.0.40219.1
Project("{FAE04EC0-301F-11D3-BF4B-00C04F79EFBC}") = "OOP_Ex2", "OOP_Ex2\OOP_Ex2.csproj", "{CE126DDB-0443-4A22-B1B3-B48C6FE00E77}"
EndProject
Global
	GlobalSection(SolutionConfigurationPlatforms) = preSolution
		Debug|Any CPU = Debug|Any CPU
		Release|Any CPU = Release|Any CPU
	EndGlobalSection
	GlobalSection(ProjectConfigurationPlatforms) = postSolution
		{CE126DDB-0443-4A22-B1B3-B48C6FE00E77}.Debug|Any CPU.ActiveCfg = Debug|Any CPU
		{CE126DDB-0443-4A22-B1B3-B48C6FE00E77}.Debug|Any CPU.Build.0 = Debug|Any CPU
		{CE126DDB-0443-4A22-B1B3-B48C6FE00E77}.Release|Any CPU.ActiveCfg = Release|Any CPU
		{CE126DDB-0443-4A22-B1B3-B48C6FE00E77}.Release|Any CPU.Build.0 = Release|Any CPU
	EndGlobalSection
	GlobalSection(SolutionProperties) = preSolution
		HideSolutionNode = FALSE
	EndGlobalSection
	GlobalSection(ExtensibilityGlobals) = postSolution
		SolutionGuid = {B3F6FE59-EC94-4F07-BF02-0422BB593A3F}
	EndGlobalSection
EndGlobal
