
Microsoft Visual Studio Solution File, Format Version 12.00
# Visual Studio Version 16
VisualStudioVersion = 16.0.29306.81
MinimumVisualStudioVersion = 10.0.40219.1
Project("{FAE04EC0-301F-11D3-BF4B-00C04F79EFBC}") = "Lockdown L1", "Lockdown L1\Lockdown L1.csproj", "{9BA5C6C4-74A9-4616-9DD5-C2747AA8BE70}"
EndProject
Global
	GlobalSection(SolutionConfigurationPlatforms) = preSolution
		Debug|Any CPU = Debug|Any CPU
		Release|Any CPU = Release|Any CPU
	EndGlobalSection
	GlobalSection(ProjectConfigurationPlatforms) = postSolution
		{9BA5C6C4-74A9-4616-9DD5-C2747AA8BE70}.Debug|Any CPU.ActiveCfg = Debug|Any CPU
		{9BA5C6C4-74A9-4616-9DD5-C2747AA8BE70}.Debug|Any CPU.Build.0 = Debug|Any CPU
		{9BA5C6C4-74A9-4616-9DD5-C2747AA8BE70}.Release|Any CPU.ActiveCfg = Release|Any CPU
		{9BA5C6C4-74A9-4616-9DD5-C2747AA8BE70}.Release|Any CPU.Build.0 = Release|Any CPU
	EndGlobalSection
	GlobalSection(SolutionProperties) = preSolution
		HideSolutionNode = FALSE
	EndGlobalSection
	GlobalSection(ExtensibilityGlobals) = postSolution
		SolutionGuid = {A27167A6-DC46-4DEB-B338-51BD9F34E50C}
	EndGlobalSection
EndGlobal
