
Microsoft Visual Studio Solution File, Format Version 12.00
# Visual Studio 15
VisualStudioVersion = 15.0.27428.2015
MinimumVisualStudioVersion = 10.0.40219.1
Project("{FAE04EC0-301F-11D3-BF4B-00C04F79EFBC}") = "challenge", "challenge\challenge.csproj", "{C806CDC7-8C99-4C52-9A86-DF89A3D052F6}"
EndProject
Global
	GlobalSection(SolutionConfigurationPlatforms) = preSolution
		Debug|Any CPU = Debug|Any CPU
		Release|Any CPU = Release|Any CPU
	EndGlobalSection
	GlobalSection(ProjectConfigurationPlatforms) = postSolution
		{C806CDC7-8C99-4C52-9A86-DF89A3D052F6}.Debug|Any CPU.ActiveCfg = Debug|Any CPU
		{C806CDC7-8C99-4C52-9A86-DF89A3D052F6}.Debug|Any CPU.Build.0 = Debug|Any CPU
		{C806CDC7-8C99-4C52-9A86-DF89A3D052F6}.Release|Any CPU.ActiveCfg = Release|Any CPU
		{C806CDC7-8C99-4C52-9A86-DF89A3D052F6}.Release|Any CPU.Build.0 = Release|Any CPU
	EndGlobalSection
	GlobalSection(SolutionProperties) = preSolution
		HideSolutionNode = FALSE
	EndGlobalSection
	GlobalSection(ExtensibilityGlobals) = postSolution
		SolutionGuid = {BC6E4279-9531-479F-9949-74C145C6DBB5}
	EndGlobalSection
EndGlobal
